// !$*UTF8*$!
{
	archiveVersion = 1;
	classes = {
	};
	objectVersion = 50;
	objects = {

/* Begin PBXBuildFile section */
		6A3F1BD122194CE6009E5AE8 /* AppDelegate.swift in Sources */ = {isa = PBXBuildFile; fileRef = 6A3F1BD022194CE6009E5AE8 /* AppDelegate.swift */; };
		6A3F1BD322194CE6009E5AE8 /* ViewController.swift in Sources */ = {isa = PBXBuildFile; fileRef = 6A3F1BD222194CE6009E5AE8 /* ViewController.swift */; };
		6A3F1BD622194CE6009E5AE8 /* Main.storyboard in Resources */ = {isa = PBXBuildFile; fileRef = 6A3F1BD422194CE6009E5AE8 /* Main.storyboard */; };
		6A3F1BD922194CE6009E5AE8 /* pillReminder.xcdatamodeld in Sources */ = {isa = PBXBuildFile; fileRef = 6A3F1BD722194CE6009E5AE8 /* pillReminder.xcdatamodeld */; };
		6A3F1BDB22194CE8009E5AE8 /* Assets.xcassets in Resources */ = {isa = PBXBuildFile; fileRef = 6A3F1BDA22194CE8009E5AE8 /* Assets.xcassets */; };
		6A3F1BDE22194CE8009E5AE8 /* LaunchScreen.storyboard in Resources */ = {isa = PBXBuildFile; fileRef = 6A3F1BDC22194CE8009E5AE8 /* LaunchScreen.storyboard */; };
		6A3F1BE82219538A009E5AE8 /* coreData.swift in Sources */ = {isa = PBXBuildFile; fileRef = 6A3F1BE72219538A009E5AE8 /* coreData.swift */; };
/* End PBXBuildFile section */

/* Begin PBXFileReference section */
		6A3F1BCD22194CE6009E5AE8 /* pillReminder.app */ = {isa = PBXFileReference; explicitFileType = wrapper.application; includeInIndex = 0; path = pillReminder.app; sourceTree = BUILT_PRODUCTS_DIR; };
		6A3F1BD022194CE6009E5AE8 /* AppDelegate.swift */ = {isa = PBXFileReference; lastKnownFileType = sourcecode.swift; path = AppDelegate.swift; sourceTree = "<group>"; };
		6A3F1BD222194CE6009E5AE8 /* ViewController.swift */ = {isa = PBXFileReference; lastKnownFileType = sourcecode.swift; path = ViewController.swift; sourceTree = "<group>"; };
		6A3F1BD522194CE6009E5AE8 /* Base */ = {isa = PBXFileReference; lastKnownFileType = file.storyboard; name = Base; path = Base.lproj/Main.storyboard; sourceTree = "<group>"; };
		6A3F1BD822194CE6009E5AE8 /* pillReminder.xcdatamodel */ = {isa = PBXFileReference; lastKnownFileType = wrapper.xcdatamodel; path = pillReminder.xcdatamodel; sourceTree = "<group>"; };
		6A3F1BDA22194CE8009E5AE8 /* Assets.xcassets */ = {isa = PBXFileReference; lastKnownFileType = folder.assetcatalog; path = Assets.xcassets; sourceTree = "<group>"; };
		6A3F1BDD22194CE8009E5AE8 /* Base */ = {isa = PBXFileReference; lastKnownFileType = file.storyboard; name = Base; path = Base.lproj/LaunchScreen.storyboard; sourceTree = "<group>"; };
		6A3F1BDF22194CE8009E5AE8 /* Info.plist */ = {isa = PBXFileReference; lastKnownFileType = text.plist.xml; path = Info.plist; sourceTree = "<group>"; };
		6A3F1BE522195012009E5AE8 /* pillReminder.entitlements */ = {isa = PBXFileReference; lastKnownFileType = text.plist.entitlements; path = pillReminder.entitlements; sourceTree = "<group>"; };
		6A3F1BE72219538A009E5AE8 /* coreData.swift */ = {isa = PBXFileReference; lastKnownFileType = sourcecode.swift; path = coreData.swift; sourceTree = "<group>"; };
/* End PBXFileReference section */

/* Begin PBXFrameworksBuildPhase section */
		6A3F1BCA22194CE6009E5AE8 /* Frameworks */ = {
			isa = PBXFrameworksBuildPhase;
			buildActionMask = 2147483647;
			files = (
			);
			runOnlyForDeploymentPostprocessing = 0;
		};
/* End PBXFrameworksBuildPhase section */

/* Begin PBXGroup section */
		6A3F1BC422194CE6009E5AE8 = {
			isa = PBXGroup;
			children = (
				6A3F1BCF22194CE6009E5AE8 /* pillReminder */,
				6A3F1BCE22194CE6009E5AE8 /* Products */,
			);
			sourceTree = "<group>";
		};
		6A3F1BCE22194CE6009E5AE8 /* Products */ = {
			isa = PBXGroup;
			children = (
				6A3F1BCD22194CE6009E5AE8 /* pillReminder.app */,
			);
			name = Products;
			sourceTree = "<group>";
		};
		6A3F1BCF22194CE6009E5AE8 /* pillReminder */ = {
			isa = PBXGroup;
			children = (
				6A3F1BE522195012009E5AE8 /* pillReminder.entitlements */,
				6A3F1BD022194CE6009E5AE8 /* AppDelegate.swift */,
				6A3F1BD222194CE6009E5AE8 /* ViewController.swift */,
				6A3F1BE72219538A009E5AE8 /* coreData.swift */,
				6A3F1BD422194CE6009E5AE8 /* Main.storyboard */,
				6A3F1BDA22194CE8009E5AE8 /* Assets.xcassets */,
				6A3F1BDC22194CE8009E5AE8 /* LaunchScreen.storyboard */,
				6A3F1BDF22194CE8009E5AE8 /* Info.plist */,
				6A3F1BD722194CE6009E5AE8 /* pillReminder.xcdatamodeld */,
			);
			path = pillReminder;
			sourceTree = "<group>";
		};
/* End PBXGroup section */

/* Begin PBXNativeTarget section */
		6A3F1BCC22194CE6009E5AE8 /* pillReminder */ = {
			isa = PBXNativeTarget;
			buildConfigurationList = 6A3F1BE222194CE8009E5AE8 /* Build configuration list for PBXNativeTarget "pillReminder" */;
			buildPhases = (
				6A3F1BC922194CE6009E5AE8 /* Sources */,
				6A3F1BCA22194CE6009E5AE8 /* Frameworks */,
				6A3F1BCB22194CE6009E5AE8 /* Resources */,
			);
			buildRules = (
			);
			dependencies = (
			);
			name = pillReminder;
			productName = pillReminder;
			productReference = 6A3F1BCD22194CE6009E5AE8 /* pillReminder.app */;
			productType = "com.apple.product-type.application";
		};
/* End PBXNativeTarget section */

/* Begin PBXProject section */
		6A3F1BC522194CE6009E5AE8 /* Project object */ = {
			isa = PBXProject;
			attributes = {
				LastSwiftUpdateCheck = 1000;
				LastUpgradeCheck = 1000;
				ORGANIZATIONNAME = "Don Mhmmd";
				TargetAttributes = {
					6A3F1BCC22194CE6009E5AE8 = {
						CreatedOnToolsVersion = 10.0;
						SystemCapabilities = {
							com.apple.ApplicationGroups.iOS = {
								enabled = 0;
							};
							com.apple.BackgroundModes = {
								enabled = 1;
							};
						};
					};
				};
			};
			buildConfigurationList = 6A3F1BC822194CE6009E5AE8 /* Build configuration list for PBXProject "pillReminder" */;
			compatibilityVersion = "Xcode 9.3";
			developmentRegion = en;
			hasScannedForEncodings = 0;
			knownRegions = (
				en,
				Base,
			);
			mainGroup = 6A3F1BC422194CE6009E5AE8;
			productRefGroup = 6A3F1BCE22194CE6009E5AE8 /* Products */;
			projectDirPath = "";
			projectRoot = "";
			targets = (
				6A3F1BCC22194CE6009E5AE8 /* pillReminder */,
			);
		};
/* End PBXProject section */

/* Begin PBXResourcesBuildPhase section */
		6A3F1BCB22194CE6009E5AE8 /* Resources */ = {
			isa = PBXResourcesBuildPhase;
			buildActionMask = 2147483647;
			files = (
				6A3F1BDE22194CE8009E5AE8 /* LaunchScreen.storyboard in Resources */,
				6A3F1BDB22194CE8009E5AE8 /* Assets.xcassets in Resources */,
				6A3F1BD622194CE6009E5AE8 /* Main.storyboard in Resources */,
			);
			runOnlyForDeploymentPostprocessing = 0;
		};
/* End PBXResourcesBuildPhase section */

/* Begin PBXSourcesBuildPhase section */
		6A3F1BC922194CE6009E5AE8 /* Sources */ = {
			isa = PBXSourcesBuildPhase;
			buildActionMask = 2147483647;
			files = (
				6A3F1BE82219538A009E5AE8 /* coreData.swift in Sources */,
				6A3F1BD322194CE6009E5AE8 /* ViewController.swift in Sources */,
				6A3F1BD122194CE6009E5AE8 /* AppDelegate.swift in Sources */,
				6A3F1BD922194CE6009E5AE8 /* pillReminder.xcdatamodeld in Sources */,
			);
			runOnlyForDeploymentPostprocessing = 0;
		};
/* End PBXSourcesBuildPhase section */

/* Begin PBXVariantGroup section */
		6A3F1BD422194CE6009E5AE8 /* Main.storyboard */ = {
			isa = PBXVariantGroup;
			children = (
				6A3F1BD522194CE6009E5AE8 /* Base */,
			);
			name = Main.storyboard;
			sourceTree = "<group>";
		};
		6A3F1BDC22194CE8009E5AE8 /* LaunchScreen.storyboard */ = {
			isa = PBXVariantGroup;
			children = (
				6A3F1BDD22194CE8009E5AE8 /* Base */,
			);
			name = LaunchScreen.storyboard;
			sourceTree = "<group>";
		};
/* End PBXVariantGroup section */

/* Begin XCBuildConfiguration section */
		6A3F1BE022194CE8009E5AE8 /* Debug */ = {
			isa = XCBuildConfiguration;
			buildSettings = {
				ALWAYS_SEARCH_USER_PATHS = NO;
				CLANG_ANALYZER_NONNULL = YES;
				CLANG_ANALYZER_NUMBER_OBJECT_CONVERSION = YES_AGGRESSIVE;
				CLANG_CXX_LANGUAGE_STANDARD = "gnu++14";
				CLANG_CXX_LIBRARY = "libc++";
				CLANG_ENABLE_MODULES = YES;
				CLANG_ENABLE_OBJC_ARC = YES;
				CLANG_ENABLE_OBJC_WEAK = YES;
				CLANG_WARN_BLOCK_CAPTURE_AUTORELEASING = YES;
				CLANG_WARN_BOOL_CONVERSION = YES;
				CLANG_WARN_COMMA = YES;
				CLANG_WARN_CONSTANT_CONVERSION = YES;
				CLANG_WARN_DEPRECATED_OBJC_IMPLEMENTATIONS = YES;
				CLANG_WARN_DIRECT_OBJC_ISA_USAGE = YES_ERROR;
				CLANG_WARN_DOCUMENTATION_COMMENTS = YES;
				CLANG_WARN_EMPTY_BODY = YES;
				CLANG_WARN_ENUM_CONVERSION = YES;
				CLANG_WARN_INFINITE_RECURSION = YES;
				CLANG_WARN_INT_CONVERSION = YES;
				CLANG_WARN_NON_LITERAL_NULL_CONVERSION = YES;
				CLANG_WARN_OBJC_IMPLICIT_RETAIN_SELF = YES;
				CLANG_WARN_OBJC_LITERAL_CONVERSION = YES;
				CLANG_WARN_OBJC_ROOT_CLASS = YES_ERROR;
				CLANG_WARN_RANGE_LOOP_ANALYSIS = YES;
				CLANG_WARN_STRICT_PROTOTYPES = YES;
				CLANG_WARN_SUSPICIOUS_MOVE = YES;
				CLANG_WARN_UNGUARDED_AVAILABILITY = YES_AGGRESSIVE;
				CLANG_WARN_UNREACHABLE_CODE = YES;
				CLANG_WARN__DUPLICATE_METHOD_MATCH = YES;
				CODE_SIGN_IDENTITY = "iPhone Developer";
				COPY_PHASE_STRIP = NO;
				DEBUG_INFORMATION_FORMAT = dwarf;
				ENABLE_STRICT_OBJC_MSGSEND = YES;
				ENABLE_TESTABILITY = YES;
				GCC_C_LANGUAGE_STANDARD = gnu11;
				GCC_DYNAMIC_NO_PIC = NO;
				GCC_NO_COMMON_BLOCKS = YES;
				GCC_OPTIMIZATION_LEVEL = 0;
				GCC_PREPROCESSOR_DEFINITIONS = (
					"DEBUG=1",
					"$(inherited)",
				);
				GCC_WARN_64_TO_32_BIT_CONVERSION = YES;
				GCC_WARN_ABOUT_RETURN_TYPE = YES_ERROR;
				GCC_WARN_UNDECLARED_SELECTOR = YES;
				GCC_WARN_UNINITIALIZED_AUTOS = YES_AGGRESSIVE;
				GCC_WARN_UNUSED_FUNCTION = YES;
				GCC_WARN_UNUSED_VARIABLE = YES;
				IPHONEOS_DEPLOYMENT_TARGET = 12.0;
				MTL_ENABLE_DEBUG_INFO = INCLUDE_SOURCE;
				MTL_FAST_MATH = YES;
				ONLY_ACTIVE_ARCH = YES;
				SDKROOT = iphoneos;
				SWIFT_ACTIVE_COMPILATION_CONDITIONS = DEBUG;
				SWIFT_OPTIMIZATION_LEVEL = "-Onone";
			};
			name = Debug;
		};
		6A3F1BE122194CE8009E5AE8 /* Release */ = {
			isa = XCBuildConfiguration;
			buildSettings = {
				ALWAYS_SEARCH_USER_PATHS = NO;
				CLANG_ANALYZER_NONNULL = YES;
				CLANG_ANALYZER_NUMBER_OBJECT_CONVERSION = YES_AGGRESSIVE;
				CLANG_CXX_LANGUAGE_STANDARD = "gnu++14";
				CLANG_CXX_LIBRARY = "libc++";
				CLANG_ENABLE_MODULES = YES;
				CLANG_ENABLE_OBJC_ARC = YES;
				CLANG_ENABLE_OBJC_WEAK = YES;
				CLANG_WARN_BLOCK_CAPTURE_AUTORELEASING = YES;
				CLANG_WARN_BOOL_CONVERSION = YES;
				CLANG_WARN_COMMA = YES;
				CLANG_WARN_CONSTANT_CONVERSION = YES;
				CLANG_WARN_DEPRECATED_OBJC_IMPLEMENTATIONS = YES;
				CLANG_WARN_DIRECT_OBJC_ISA_USAGE = YES_ERROR;
				CLANG_WARN_DOCUMENTATION_COMMENTS = YES;
				CLANG_WARN_EMPTY_BODY = YES;
				CLANG_WARN_ENUM_CONVERSION = YES;
				CLANG_WARN_INFINITE_RECURSION = YES;
				CLANG_WARN_INT_CONVERSION = YES;
				CLANG_WARN_NON_LITERAL_NULL_CONVERSION = YES;
				CLANG_WARN_OBJC_IMPLICIT_RETAIN_SELF = YES;
				CLANG_WARN_OBJC_LITERAL_CONVERSION = YES;
				CLANG_WARN_OBJC_ROOT_CLASS = YES_ERROR;
				CLANG_WARN_RANGE_LOOP_ANALYSIS = YES;
				CLANG_WARN_STRICT_PROTOTYPES = YES;
				CLANG_WARN_SUSPICIOUS_MOVE = YES;
				CLANG_WARN_UNGUARDED_AVAILABILITY = YES_AGGRESSIVE;
				CLANG_WARN_UNREACHABLE_CODE = YES;
				CLANG_WARN__DUPLICATE_METHOD_MATCH = YES;
				CODE_SIGN_IDENTITY = "iPhone Developer";
				COPY_PHASE_STRIP = NO;
				DEBUG_INFORMATION_FORMAT = "dwarf-with-dsym";
				ENABLE_NS_ASSERTIONS = NO;
				ENABLE_STRICT_OBJC_MSGSEND = YES;
				GCC_C_LANGUAGE_STANDARD = gnu11;
				GCC_NO_COMMON_BLOCKS = YES;
				GCC_WARN_64_TO_32_BIT_CONVERSION = YES;
				GCC_WARN_ABOUT_RETURN_TYPE = YES_ERROR;
				GCC_WARN_UNDECLARED_SELECTOR = YES;
				GCC_WARN_UNINITIALIZED_AUTOS = YES_AGGRESSIVE;
				GCC_WARN_UNUSED_FUNCTION = YES;
				GCC_WARN_UNUSED_VARIABLE = YES;
				IPHONEOS_DEPLOYMENT_TARGET = 12.0;
				MTL_ENABLE_DEBUG_INFO = NO;
				MTL_FAST_MATH = YES;
				SDKROOT = iphoneos;
				SWIFT_COMPILATION_MODE = wholemodule;
				SWIFT_OPTIMIZATION_LEVEL = "-O";
				VALIDATE_PRODUCT = YES;
			};
			name = Release;
		};
		6A3F1BE322194CE8009E5AE8 /* Debug */ = {
			isa = XCBuildConfiguration;
			buildSettings = {
				ASSETCATALOG_COMPILER_APPICON_NAME = AppIcon;
				CODE_SIGN_STYLE = Automatic;
				DEVELOPMENT_TEAM = 9V89VR82HU;
				INFOPLIST_FILE = pillReminder/Info.plist;
				IPHONEOS_DEPLOYMENT_TARGET = 12.1;
				LD_RUNPATH_SEARCH_PATHS = (
					"$(inherited)",
					"@executable_path/Frameworks",
				);
				PRODUCT_BUNDLE_IDENTIFIER = donMhmmd.pillReminder;
				PRODUCT_NAME = "$(TARGET_NAME)";
				SWIFT_VERSION = 4.2;
				TARGETED_DEVICE_FAMILY = "1,2";
			};
			name = Debug;
		};
		6A3F1BE422194CE8009E5AE8 /* Release */ = {
			isa = XCBuildConfiguration;
			buildSettings = {
				ASSETCATALOG_COMPILER_APPICON_NAME = AppIcon;
				CODE_SIGN_STYLE = Automatic;
				DEVELOPMENT_TEAM = 9V89VR82HU;
				INFOPLIST_FILE = pillReminder/Info.plist;
				IPHONEOS_DEPLOYMENT_TARGET = 12.1;
				LD_RUNPATH_SEARCH_PATHS = (
					"$(inherited)",
					"@executable_path/Frameworks",
				);
				PRODUCT_BUNDLE_IDENTIFIER = donMhmmd.pillReminder;
				PRODUCT_NAME = "$(TARGET_NAME)";
				SWIFT_VERSION = 4.2;
				TARGETED_DEVICE_FAMILY = "1,2";
			};
			name = Release;
		};
/* End XCBuildConfiguration section */

/* Begin XCConfigurationList section */
		6A3F1BC822194CE6009E5AE8 /* Build configuration list for PBXProject "pillReminder" */ = {
			isa = XCConfigurationList;
			buildConfigurations = (
				6A3F1BE022194CE8009E5AE8 /* Debug */,
				6A3F1BE122194CE8009E5AE8 /* Release */,
			);
			defaultConfigurationIsVisible = 0;
			defaultConfigurationName = Release;
		};
		6A3F1BE222194CE8009E5AE8 /* Build configuration list for PBXNativeTarget "pillReminder" */ = {
			isa = XCConfigurationList;
			buildConfigurations = (
				6A3F1BE322194CE8009E5AE8 /* Debug */,
				6A3F1BE422194CE8009E5AE8 /* Release */,
			);
			defaultConfigurationIsVisible = 0;
			defaultConfigurationName = Release;
		};
/* End XCConfigurationList section */

/* Begin XCVersionGroup section */
		6A3F1BD722194CE6009E5AE8 /* pillReminder.xcdatamodeld */ = {
			isa = XCVersionGroup;
			children = (
				6A3F1BD822194CE6009E5AE8 /* pillReminder.xcdatamodel */,
			);
			currentVersion = 6A3F1BD822194CE6009E5AE8 /* pillReminder.xcdatamodel */;
			path = pillReminder.xcdatamodeld;
			sourceTree = "<group>";
			versionGroupType = wrapper.xcdatamodel;
		};
/* End XCVersionGroup section */
	};
	rootObject = 6A3F1BC522194CE6009E5AE8 /* Project object */;
}
